
Microsoft Visual Studio Solution File, Format Version 12.00
# Visual Studio 15
Project("{FAE04EC0-301F-11D3-BF4B-00C04F79EFBC}") = "Assembly-CSharp", "Assembly-CSharp.csproj", "{E91A57D9-81EB-E524-19A0-C9E0F140DD47}"
EndProject
Project("{FAE04EC0-301F-11D3-BF4B-00C04F79EFBC}") = "Assembly-CSharp-Editor", "Assembly-CSharp-Editor.csproj", "{999E91DB-7C2F-2372-CF53-6F8889A4FD7D}"
EndProject
Global
	GlobalSection(SolutionConfigurationPlatforms) = preSolution
		Debug|Any CPU = Debug|Any CPU
		Release|Any CPU = Release|Any CPU
	EndGlobalSection
	GlobalSection(ProjectConfigurationPlatforms) = postSolution
		{E91A57D9-81EB-E524-19A0-C9E0F140DD47}.Debug|Any CPU.ActiveCfg = Debug|Any CPU
		{E91A57D9-81EB-E524-19A0-C9E0F140DD47}.Debug|Any CPU.Build.0 = Debug|Any CPU
		{E91A57D9-81EB-E524-19A0-C9E0F140DD47}.Release|Any CPU.ActiveCfg = Release|Any CPU
		{E91A57D9-81EB-E524-19A0-C9E0F140DD47}.Release|Any CPU.Build.0 = Release|Any CPU
		{999E91DB-7C2F-2372-CF53-6F8889A4FD7D}.Debug|Any CPU.ActiveCfg = Debug|Any CPU
		{999E91DB-7C2F-2372-CF53-6F8889A4FD7D}.Debug|Any CPU.Build.0 = Debug|Any CPU
		{999E91DB-7C2F-2372-CF53-6F8889A4FD7D}.Release|Any CPU.ActiveCfg = Release|Any CPU
		{999E91DB-7C2F-2372-CF53-6F8889A4FD7D}.Release|Any CPU.Build.0 = Release|Any CPU
	EndGlobalSection
	GlobalSection(SolutionProperties) = preSolution
		HideSolutionNode = FALSE
	EndGlobalSection
EndGlobal
