
Microsoft Visual Studio Solution File, Format Version 12.00
# Visual Studio for Mac
Project("{FAE04EC0-301F-11D3-BF4B-00C04F79EFBC}") = "Assembly-CSharp", "Assembly-CSharp.csproj", "{2913617C-5F4E-AC1D-FB2A-060F8DF53738}"
EndProject
Project("{FAE04EC0-301F-11D3-BF4B-00C04F79EFBC}") = "Assembly-CSharp-Editor", "Assembly-CSharp-Editor.csproj", "{A30B6ABD-07BE-4E35-074F-165D94A161F2}"
EndProject
Global
	GlobalSection(SolutionConfigurationPlatforms) = preSolution
		Debug|Any CPU = Debug|Any CPU
		Release|Any CPU = Release|Any CPU
	EndGlobalSection
	GlobalSection(ProjectConfigurationPlatforms) = postSolution
		{2913617C-5F4E-AC1D-FB2A-060F8DF53738}.Debug|Any CPU.ActiveCfg = Debug|Any CPU
		{2913617C-5F4E-AC1D-FB2A-060F8DF53738}.Debug|Any CPU.Build.0 = Debug|Any CPU
		{2913617C-5F4E-AC1D-FB2A-060F8DF53738}.Release|Any CPU.ActiveCfg = Release|Any CPU
		{2913617C-5F4E-AC1D-FB2A-060F8DF53738}.Release|Any CPU.Build.0 = Release|Any CPU
		{A30B6ABD-07BE-4E35-074F-165D94A161F2}.Debug|Any CPU.ActiveCfg = Debug|Any CPU
		{A30B6ABD-07BE-4E35-074F-165D94A161F2}.Debug|Any CPU.Build.0 = Debug|Any CPU
		{A30B6ABD-07BE-4E35-074F-165D94A161F2}.Release|Any CPU.ActiveCfg = Release|Any CPU
		{A30B6ABD-07BE-4E35-074F-165D94A161F2}.Release|Any CPU.Build.0 = Release|Any CPU
	EndGlobalSection
	GlobalSection(SolutionProperties) = preSolution
		HideSolutionNode = FALSE
	EndGlobalSection
EndGlobal
