
Microsoft Visual Studio Solution File, Format Version 12.00
# Visual Studio 15
Project("{FAE04EC0-301F-11D3-BF4B-00C04F79EFBC}") = "Assembly-CSharp", "Assembly-CSharp.csproj", "{89C8B1BC-42D2-40D6-9772-ABF0441CEA7A}"
EndProject
Project("{FAE04EC0-301F-11D3-BF4B-00C04F79EFBC}") = "Assembly-CSharp-Editor", "Assembly-CSharp-Editor.csproj", "{F003FDD5-30D6-870F-9DEA-9C783BDF883F}"
EndProject
Global
	GlobalSection(SolutionConfigurationPlatforms) = preSolution
		Debug|Any CPU = Debug|Any CPU
		Release|Any CPU = Release|Any CPU
	EndGlobalSection
	GlobalSection(ProjectConfigurationPlatforms) = postSolution
		{89C8B1BC-42D2-40D6-9772-ABF0441CEA7A}.Debug|Any CPU.ActiveCfg = Debug|Any CPU
		{89C8B1BC-42D2-40D6-9772-ABF0441CEA7A}.Debug|Any CPU.Build.0 = Debug|Any CPU
		{89C8B1BC-42D2-40D6-9772-ABF0441CEA7A}.Release|Any CPU.ActiveCfg = Release|Any CPU
		{89C8B1BC-42D2-40D6-9772-ABF0441CEA7A}.Release|Any CPU.Build.0 = Release|Any CPU
		{F003FDD5-30D6-870F-9DEA-9C783BDF883F}.Debug|Any CPU.ActiveCfg = Debug|Any CPU
		{F003FDD5-30D6-870F-9DEA-9C783BDF883F}.Debug|Any CPU.Build.0 = Debug|Any CPU
		{F003FDD5-30D6-870F-9DEA-9C783BDF883F}.Release|Any CPU.ActiveCfg = Release|Any CPU
		{F003FDD5-30D6-870F-9DEA-9C783BDF883F}.Release|Any CPU.Build.0 = Release|Any CPU
	EndGlobalSection
	GlobalSection(SolutionProperties) = preSolution
		HideSolutionNode = FALSE
	EndGlobalSection
EndGlobal
